
Microsoft Visual Studio Solution File, Format Version 12.00
# Visual Studio 15
VisualStudioVersion = 15.0.28010.2041
MinimumVisualStudioVersion = 10.0.40219.1
Project("{9A19103F-16F7-4668-BE54-9A1E7A4F7556}") = "PPPGames.Models.Tests", "tests\PPPGames.Tests\PPPGames.Models.Tests.csproj", "{4BEB99EB-C7D1-4CF5-9ADB-0E4D740A098A}"
EndProject
Project("{2150E333-8FDC-42A3-9474-1A3956D46DE8}") = "src", "src", "{A016787C-63DE-4E25-872B-8677569B54FF}"
EndProject
Project("{2150E333-8FDC-42A3-9474-1A3956D46DE8}") = "tests", "tests", "{89DC8402-2F94-4666-913A-0743C6EEB8F5}"
EndProject
Project("{FAE04EC0-301F-11D3-BF4B-00C04F79EFBC}") = "PPPGames.Models", "src\PPPGames.Models\PPPGames.Models.csproj", "{92746D04-FE17-4FDE-AE7D-C49CEFDECA17}"
EndProject
Project("{9A19103F-16F7-4668-BE54-9A1E7A4F7556}") = "PPPGames", "src\PPPGames\PPPGames.csproj", "{8C6FE888-BA23-471D-8D76-3A33523266CD}"
EndProject
Project("{FAE04EC0-301F-11D3-BF4B-00C04F79EFBC}") = "PPPGames.Infrastructure", "src\PPPGames.Infrastructure\PPPGames.Infrastructure.csproj", "{3CDA3989-D938-46B4-A344-DD5F8B0D5DF6}"
EndProject
Global
	GlobalSection(SolutionConfigurationPlatforms) = preSolution
		Debug|Any CPU = Debug|Any CPU
		Release|Any CPU = Release|Any CPU
	EndGlobalSection
	GlobalSection(ProjectConfigurationPlatforms) = postSolution
		{4BEB99EB-C7D1-4CF5-9ADB-0E4D740A098A}.Debug|Any CPU.ActiveCfg = Debug|Any CPU
		{4BEB99EB-C7D1-4CF5-9ADB-0E4D740A098A}.Debug|Any CPU.Build.0 = Debug|Any CPU
		{4BEB99EB-C7D1-4CF5-9ADB-0E4D740A098A}.Release|Any CPU.ActiveCfg = Release|Any CPU
		{4BEB99EB-C7D1-4CF5-9ADB-0E4D740A098A}.Release|Any CPU.Build.0 = Release|Any CPU
		{92746D04-FE17-4FDE-AE7D-C49CEFDECA17}.Debug|Any CPU.ActiveCfg = Debug|Any CPU
		{92746D04-FE17-4FDE-AE7D-C49CEFDECA17}.Debug|Any CPU.Build.0 = Debug|Any CPU
		{92746D04-FE17-4FDE-AE7D-C49CEFDECA17}.Release|Any CPU.ActiveCfg = Release|Any CPU
		{92746D04-FE17-4FDE-AE7D-C49CEFDECA17}.Release|Any CPU.Build.0 = Release|Any CPU
		{8C6FE888-BA23-471D-8D76-3A33523266CD}.Debug|Any CPU.ActiveCfg = Debug|Any CPU
		{8C6FE888-BA23-471D-8D76-3A33523266CD}.Debug|Any CPU.Build.0 = Debug|Any CPU
		{8C6FE888-BA23-471D-8D76-3A33523266CD}.Release|Any CPU.ActiveCfg = Release|Any CPU
		{8C6FE888-BA23-471D-8D76-3A33523266CD}.Release|Any CPU.Build.0 = Release|Any CPU
		{3CDA3989-D938-46B4-A344-DD5F8B0D5DF6}.Debug|Any CPU.ActiveCfg = Debug|Any CPU
		{3CDA3989-D938-46B4-A344-DD5F8B0D5DF6}.Debug|Any CPU.Build.0 = Debug|Any CPU
		{3CDA3989-D938-46B4-A344-DD5F8B0D5DF6}.Release|Any CPU.ActiveCfg = Release|Any CPU
		{3CDA3989-D938-46B4-A344-DD5F8B0D5DF6}.Release|Any CPU.Build.0 = Release|Any CPU
	EndGlobalSection
	GlobalSection(SolutionProperties) = preSolution
		HideSolutionNode = FALSE
	EndGlobalSection
	GlobalSection(NestedProjects) = preSolution
		{4BEB99EB-C7D1-4CF5-9ADB-0E4D740A098A} = {89DC8402-2F94-4666-913A-0743C6EEB8F5}
		{92746D04-FE17-4FDE-AE7D-C49CEFDECA17} = {A016787C-63DE-4E25-872B-8677569B54FF}
		{8C6FE888-BA23-471D-8D76-3A33523266CD} = {A016787C-63DE-4E25-872B-8677569B54FF}
		{3CDA3989-D938-46B4-A344-DD5F8B0D5DF6} = {A016787C-63DE-4E25-872B-8677569B54FF}
	EndGlobalSection
	GlobalSection(ExtensibilityGlobals) = postSolution
		SolutionGuid = {4E08F464-F33D-4B98-922A-C8EB39211F9D}
	EndGlobalSection
EndGlobal
